
Microsoft Visual Studio Solution File, Format Version 12.00
# Visual Studio Version 17
VisualStudioVersion = 17.4.33403.182
MinimumVisualStudioVersion = 10.0.40219.1
Project("{FAE04EC0-301F-11D3-BF4B-00C04F79EFBC}") = "BulkyBookWeb", "BulkyBookWeb\BulkyBookWeb.csproj", "{1480A61B-8C55-4EEE-B128-015F296AB102}"
EndProject
Global
	GlobalSection(SolutionConfigurationPlatforms) = preSolution
		Debug|Any CPU = Debug|Any CPU
		Release|Any CPU = Release|Any CPU
	EndGlobalSection
	GlobalSection(ProjectConfigurationPlatforms) = postSolution
		{1480A61B-8C55-4EEE-B128-015F296AB102}.Debug|Any CPU.ActiveCfg = Debug|Any CPU
		{1480A61B-8C55-4EEE-B128-015F296AB102}.Debug|Any CPU.Build.0 = Debug|Any CPU
		{1480A61B-8C55-4EEE-B128-015F296AB102}.Release|Any CPU.ActiveCfg = Release|Any CPU
		{1480A61B-8C55-4EEE-B128-015F296AB102}.Release|Any CPU.Build.0 = Release|Any CPU
	EndGlobalSection
	GlobalSection(SolutionProperties) = preSolution
		HideSolutionNode = FALSE
	EndGlobalSection
	GlobalSection(ExtensibilityGlobals) = postSolution
		SolutionGuid = {15EA3F07-271B-4BBA-9247-751F8F71C203}
	EndGlobalSection
EndGlobal
